
Microsoft Visual Studio Solution File, Format Version 12.00
# Visual Studio Version 17
VisualStudioVersion = 17.5.002.0
MinimumVisualStudioVersion = 10.0.40219.1
Project("{2150E333-8FDC-42A3-9474-1A3956D46DE8}") = "week01", "week01", "{E4365910-BB78-4982-9E88-8420734DB66D}"
EndProject
Project("{9A19103F-16F7-4668-BE54-9A1E7A4F7556}") = "code", "week01\code\code.csproj", "{45C59935-9F2F-450E-ACE9-62D34DE41531}"
EndProject
Project("{9A19103F-16F7-4668-BE54-9A1E7A4F7556}") = "analyze", "week01\analyze\analyze.csproj", "{37E5559D-7341-4665-85E2-6CEACA7EDA2F}"
EndProject
Project("{9A19103F-16F7-4668-BE54-9A1E7A4F7556}") = "teach", "week01\teach\teach.csproj", "{A1C61129-94D2-4B6E-A2DA-83A469F75CF7}"
EndProject
Project("{2150E333-8FDC-42A3-9474-1A3956D46DE8}") = "week06", "week06", "{95CE4C94-DD1A-48C2-A0BB-4966D0A73EE5}"
EndProject
Project("{9A19103F-16F7-4668-BE54-9A1E7A4F7556}") = "code", "week06\code\code.csproj", "{DA4FE50D-A819-4765-9E75-B55A2F8B3754}"
EndProject
Project("{2150E333-8FDC-42A3-9474-1A3956D46DE8}") = "sandbox", "sandbox", "{15FDDBBD-CD2D-4CA5-8CDD-D47299C8EE95}"
EndProject
Project("{9A19103F-16F7-4668-BE54-9A1E7A4F7556}") = "sandbox_project", "sandbox\sandbox_project\sandbox_project.csproj", "{9FD28061-FBE1-47CA-B9CB-52C813CB1F5A}"
EndProject
Project("{2150E333-8FDC-42A3-9474-1A3956D46DE8}") = "week05", "week05", "{5105DC41-8954-4641-96EC-5CF1A90F112B}"
EndProject
Project("{9A19103F-16F7-4668-BE54-9A1E7A4F7556}") = "code", "week05\code\code.csproj", "{375476B2-3DCE-47C6-B449-98B18D8C870D}"
EndProject
Project("{2150E333-8FDC-42A3-9474-1A3956D46DE8}") = "week02", "week02", "{6E56AA4D-8CDE-46D1-8F55-11F39A2BF3DD}"
EndProject
Project("{9A19103F-16F7-4668-BE54-9A1E7A4F7556}") = "learn", "week02\learn\learn.csproj", "{549E1439-9066-4F72-B4C2-3A9F09B5476F}"
EndProject
Project("{9A19103F-16F7-4668-BE54-9A1E7A4F7556}") = "code", "week02\code\code.csproj", "{716B20B4-8D65-41BF-986A-666C1A7D2636}"
EndProject
Project("{9A19103F-16F7-4668-BE54-9A1E7A4F7556}") = "analyze", "week02\analyze\analyze.csproj", "{5919B441-15A9-43B5-98A4-08EECB9600AC}"
EndProject
Project("{9A19103F-16F7-4668-BE54-9A1E7A4F7556}") = "teach", "week02\teach\teach.csproj", "{A11E1439-58A2-402B-A716-CCB5EE67E6C2}"
EndProject
Project("{2150E333-8FDC-42A3-9474-1A3956D46DE8}") = "week03", "week03", "{C4A336E3-FE85-465B-89D1-4D47C8DDE247}"
EndProject
Project("{9A19103F-16F7-4668-BE54-9A1E7A4F7556}") = "learn", "week03\learn\learn.csproj", "{B0EB8F10-15C2-4BAC-8B5C-90A993745996}"
EndProject
Project("{9A19103F-16F7-4668-BE54-9A1E7A4F7556}") = "code", "week03\code\code.csproj", "{BCD08172-D3D5-4C60-8945-243081D4D377}"
EndProject
Project("{9A19103F-16F7-4668-BE54-9A1E7A4F7556}") = "teach", "week03\teach\teach.csproj", "{4BC33366-195E-422A-B63F-E35A1CF7F66B}"
EndProject
Project("{2150E333-8FDC-42A3-9474-1A3956D46DE8}") = "week04", "week04", "{80CCE92D-3AD6-4BC7-BF1F-AEC0A7AFFA4C}"
EndProject
Project("{9A19103F-16F7-4668-BE54-9A1E7A4F7556}") = "code", "week04\code\code.csproj", "{FB1699E4-E7D4-4E90-87E2-D8B0CEA08F59}"
EndProject
Global
	GlobalSection(SolutionConfigurationPlatforms) = preSolution
		Debug|Any CPU = Debug|Any CPU
		Release|Any CPU = Release|Any CPU
	EndGlobalSection
	GlobalSection(ProjectConfigurationPlatforms) = postSolution
		{45C59935-9F2F-450E-ACE9-62D34DE41531}.Debug|Any CPU.ActiveCfg = Debug|Any CPU
		{45C59935-9F2F-450E-ACE9-62D34DE41531}.Debug|Any CPU.Build.0 = Debug|Any CPU
		{45C59935-9F2F-450E-ACE9-62D34DE41531}.Release|Any CPU.ActiveCfg = Release|Any CPU
		{45C59935-9F2F-450E-ACE9-62D34DE41531}.Release|Any CPU.Build.0 = Release|Any CPU
		{37E5559D-7341-4665-85E2-6CEACA7EDA2F}.Debug|Any CPU.ActiveCfg = Debug|Any CPU
		{37E5559D-7341-4665-85E2-6CEACA7EDA2F}.Debug|Any CPU.Build.0 = Debug|Any CPU
		{37E5559D-7341-4665-85E2-6CEACA7EDA2F}.Release|Any CPU.ActiveCfg = Release|Any CPU
		{37E5559D-7341-4665-85E2-6CEACA7EDA2F}.Release|Any CPU.Build.0 = Release|Any CPU
		{A1C61129-94D2-4B6E-A2DA-83A469F75CF7}.Debug|Any CPU.ActiveCfg = Debug|Any CPU
		{A1C61129-94D2-4B6E-A2DA-83A469F75CF7}.Debug|Any CPU.Build.0 = Debug|Any CPU
		{A1C61129-94D2-4B6E-A2DA-83A469F75CF7}.Release|Any CPU.ActiveCfg = Release|Any CPU
		{A1C61129-94D2-4B6E-A2DA-83A469F75CF7}.Release|Any CPU.Build.0 = Release|Any CPU
		{DA4FE50D-A819-4765-9E75-B55A2F8B3754}.Debug|Any CPU.ActiveCfg = Debug|Any CPU
		{DA4FE50D-A819-4765-9E75-B55A2F8B3754}.Debug|Any CPU.Build.0 = Debug|Any CPU
		{DA4FE50D-A819-4765-9E75-B55A2F8B3754}.Release|Any CPU.ActiveCfg = Release|Any CPU
		{DA4FE50D-A819-4765-9E75-B55A2F8B3754}.Release|Any CPU.Build.0 = Release|Any CPU
		{9FD28061-FBE1-47CA-B9CB-52C813CB1F5A}.Debug|Any CPU.ActiveCfg = Debug|Any CPU
		{9FD28061-FBE1-47CA-B9CB-52C813CB1F5A}.Debug|Any CPU.Build.0 = Debug|Any CPU
		{9FD28061-FBE1-47CA-B9CB-52C813CB1F5A}.Release|Any CPU.ActiveCfg = Release|Any CPU
		{9FD28061-FBE1-47CA-B9CB-52C813CB1F5A}.Release|Any CPU.Build.0 = Release|Any CPU
		{375476B2-3DCE-47C6-B449-98B18D8C870D}.Debug|Any CPU.ActiveCfg = Debug|Any CPU
		{375476B2-3DCE-47C6-B449-98B18D8C870D}.Debug|Any CPU.Build.0 = Debug|Any CPU
		{375476B2-3DCE-47C6-B449-98B18D8C870D}.Release|Any CPU.ActiveCfg = Release|Any CPU
		{375476B2-3DCE-47C6-B449-98B18D8C870D}.Release|Any CPU.Build.0 = Release|Any CPU
		{549E1439-9066-4F72-B4C2-3A9F09B5476F}.Debug|Any CPU.ActiveCfg = Debug|Any CPU
		{549E1439-9066-4F72-B4C2-3A9F09B5476F}.Debug|Any CPU.Build.0 = Debug|Any CPU
		{549E1439-9066-4F72-B4C2-3A9F09B5476F}.Release|Any CPU.ActiveCfg = Release|Any CPU
		{549E1439-9066-4F72-B4C2-3A9F09B5476F}.Release|Any CPU.Build.0 = Release|Any CPU
		{716B20B4-8D65-41BF-986A-666C1A7D2636}.Debug|Any CPU.ActiveCfg = Debug|Any CPU
		{716B20B4-8D65-41BF-986A-666C1A7D2636}.Debug|Any CPU.Build.0 = Debug|Any CPU
		{716B20B4-8D65-41BF-986A-666C1A7D2636}.Release|Any CPU.ActiveCfg = Release|Any CPU
		{716B20B4-8D65-41BF-986A-666C1A7D2636}.Release|Any CPU.Build.0 = Release|Any CPU
		{5919B441-15A9-43B5-98A4-08EECB9600AC}.Debug|Any CPU.ActiveCfg = Debug|Any CPU
		{5919B441-15A9-43B5-98A4-08EECB9600AC}.Debug|Any CPU.Build.0 = Debug|Any CPU
		{5919B441-15A9-43B5-98A4-08EECB9600AC}.Release|Any CPU.ActiveCfg = Release|Any CPU
		{5919B441-15A9-43B5-98A4-08EECB9600AC}.Release|Any CPU.Build.0 = Release|Any CPU
		{A11E1439-58A2-402B-A716-CCB5EE67E6C2}.Debug|Any CPU.ActiveCfg = Debug|Any CPU
		{A11E1439-58A2-402B-A716-CCB5EE67E6C2}.Debug|Any CPU.Build.0 = Debug|Any CPU
		{A11E1439-58A2-402B-A716-CCB5EE67E6C2}.Release|Any CPU.ActiveCfg = Release|Any CPU
		{A11E1439-58A2-402B-A716-CCB5EE67E6C2}.Release|Any CPU.Build.0 = Release|Any CPU
		{B0EB8F10-15C2-4BAC-8B5C-90A993745996}.Debug|Any CPU.ActiveCfg = Debug|Any CPU
		{B0EB8F10-15C2-4BAC-8B5C-90A993745996}.Debug|Any CPU.Build.0 = Debug|Any CPU
		{B0EB8F10-15C2-4BAC-8B5C-90A993745996}.Release|Any CPU.ActiveCfg = Release|Any CPU
		{B0EB8F10-15C2-4BAC-8B5C-90A993745996}.Release|Any CPU.Build.0 = Release|Any CPU
		{BCD08172-D3D5-4C60-8945-243081D4D377}.Debug|Any CPU.ActiveCfg = Debug|Any CPU
		{BCD08172-D3D5-4C60-8945-243081D4D377}.Debug|Any CPU.Build.0 = Debug|Any CPU
		{BCD08172-D3D5-4C60-8945-243081D4D377}.Release|Any CPU.ActiveCfg = Release|Any CPU
		{BCD08172-D3D5-4C60-8945-243081D4D377}.Release|Any CPU.Build.0 = Release|Any CPU
		{4BC33366-195E-422A-B63F-E35A1CF7F66B}.Debug|Any CPU.ActiveCfg = Debug|Any CPU
		{4BC33366-195E-422A-B63F-E35A1CF7F66B}.Debug|Any CPU.Build.0 = Debug|Any CPU
		{4BC33366-195E-422A-B63F-E35A1CF7F66B}.Release|Any CPU.ActiveCfg = Release|Any CPU
		{4BC33366-195E-422A-B63F-E35A1CF7F66B}.Release|Any CPU.Build.0 = Release|Any CPU
		{FB1699E4-E7D4-4E90-87E2-D8B0CEA08F59}.Debug|Any CPU.ActiveCfg = Debug|Any CPU
		{FB1699E4-E7D4-4E90-87E2-D8B0CEA08F59}.Debug|Any CPU.Build.0 = Debug|Any CPU
		{FB1699E4-E7D4-4E90-87E2-D8B0CEA08F59}.Release|Any CPU.ActiveCfg = Release|Any CPU
		{FB1699E4-E7D4-4E90-87E2-D8B0CEA08F59}.Release|Any CPU.Build.0 = Release|Any CPU
	EndGlobalSection
	GlobalSection(SolutionProperties) = preSolution
		HideSolutionNode = FALSE
	EndGlobalSection
	GlobalSection(NestedProjects) = preSolution
		{45C59935-9F2F-450E-ACE9-62D34DE41531} = {E4365910-BB78-4982-9E88-8420734DB66D}
		{37E5559D-7341-4665-85E2-6CEACA7EDA2F} = {E4365910-BB78-4982-9E88-8420734DB66D}
		{A1C61129-94D2-4B6E-A2DA-83A469F75CF7} = {E4365910-BB78-4982-9E88-8420734DB66D}
		{DA4FE50D-A819-4765-9E75-B55A2F8B3754} = {95CE4C94-DD1A-48C2-A0BB-4966D0A73EE5}
		{9FD28061-FBE1-47CA-B9CB-52C813CB1F5A} = {15FDDBBD-CD2D-4CA5-8CDD-D47299C8EE95}
		{375476B2-3DCE-47C6-B449-98B18D8C870D} = {5105DC41-8954-4641-96EC-5CF1A90F112B}
		{549E1439-9066-4F72-B4C2-3A9F09B5476F} = {6E56AA4D-8CDE-46D1-8F55-11F39A2BF3DD}
		{716B20B4-8D65-41BF-986A-666C1A7D2636} = {6E56AA4D-8CDE-46D1-8F55-11F39A2BF3DD}
		{5919B441-15A9-43B5-98A4-08EECB9600AC} = {6E56AA4D-8CDE-46D1-8F55-11F39A2BF3DD}
		{A11E1439-58A2-402B-A716-CCB5EE67E6C2} = {6E56AA4D-8CDE-46D1-8F55-11F39A2BF3DD}
		{B0EB8F10-15C2-4BAC-8B5C-90A993745996} = {C4A336E3-FE85-465B-89D1-4D47C8DDE247}
		{BCD08172-D3D5-4C60-8945-243081D4D377} = {C4A336E3-FE85-465B-89D1-4D47C8DDE247}
		{4BC33366-195E-422A-B63F-E35A1CF7F66B} = {C4A336E3-FE85-465B-89D1-4D47C8DDE247}
		{FB1699E4-E7D4-4E90-87E2-D8B0CEA08F59} = {80CCE92D-3AD6-4BC7-BF1F-AEC0A7AFFA4C}
	EndGlobalSection
	GlobalSection(ExtensibilityGlobals) = postSolution
		SolutionGuid = {FCE2DC67-F075-4CD8-9A2A-6A28C578C4F5}
	EndGlobalSection
EndGlobal
